
Microsoft Visual Studio Solution File, Format Version 12.00
# Visual Studio Version 17
VisualStudioVersion = 17.3.32929.385
MinimumVisualStudioVersion = 10.0.40219.1
Project("{FAE04EC0-301F-11D3-BF4B-00C04F79EFBC}") = "DB", "DB\DB.csproj", "{515ECD52-92CF-45D6-B4B7-E0E8B17A94C4}"
EndProject
Global
	GlobalSection(SolutionConfigurationPlatforms) = preSolution
		Debug|Any CPU = Debug|Any CPU
		Release|Any CPU = Release|Any CPU
	EndGlobalSection
	GlobalSection(ProjectConfigurationPlatforms) = postSolution
		{515ECD52-92CF-45D6-B4B7-E0E8B17A94C4}.Debug|Any CPU.ActiveCfg = Debug|Any CPU
		{515ECD52-92CF-45D6-B4B7-E0E8B17A94C4}.Debug|Any CPU.Build.0 = Debug|Any CPU
		{515ECD52-92CF-45D6-B4B7-E0E8B17A94C4}.Release|Any CPU.ActiveCfg = Release|Any CPU
		{515ECD52-92CF-45D6-B4B7-E0E8B17A94C4}.Release|Any CPU.Build.0 = Release|Any CPU
	EndGlobalSection
	GlobalSection(SolutionProperties) = preSolution
		HideSolutionNode = FALSE
	EndGlobalSection
	GlobalSection(ExtensibilityGlobals) = postSolution
		SolutionGuid = {BB8020DC-1DB1-437D-A920-271A150B2AC3}
	EndGlobalSection
EndGlobal
